
Microsoft Visual Studio Solution File, Format Version 12.00
# Visual Studio 15
VisualStudioVersion = 15.0.26124.0
MinimumVisualStudioVersion = 15.0.26124.0
Project("{9A19103F-16F7-4668-BE54-9A1E7A4F7556}") = "R5T.Southampton.Glyfada.Standard.Construction", "R5T.Southampton.Glyfada.Standard.Construction\R5T.Southampton.Glyfada.Standard.Construction.csproj", "{6784927C-7312-4466-A431-B5C51D4947B6}"
EndProject
Project("{9A19103F-16F7-4668-BE54-9A1E7A4F7556}") = "R5T.Southampton.Glyfada.Standard", "R5T.Southampton.Glyfada.Standard\R5T.Southampton.Glyfada.Standard.csproj", "{15983FDC-2F9D-4732-AF5E-A7C3A9579EFF}"
EndProject
Project("{9A19103F-16F7-4668-BE54-9A1E7A4F7556}") = "R5T.Southampton.Glyfada.Standard.Testing", "R5T.Southampton.Glyfada.Standard.Testing\R5T.Southampton.Glyfada.Standard.Testing.csproj", "{40F972D0-7D68-435B-A64F-496FB7FB7472}"
EndProject
Project("{2150E333-8FDC-42A3-9474-1A3956D46DE8}") = "_Dependencies", "_Dependencies", "{DA77A154-C3A4-441D-8B24-4BDF3B4EC54C}"
EndProject
Project("{9A19103F-16F7-4668-BE54-9A1E7A4F7556}") = "R5T.Southampton.Glyfada", "..\..\R5T.Southampton.Glyfada\source\R5T.Southampton.Glyfada\R5T.Southampton.Glyfada.csproj", "{AF9A47B8-7A9F-4B8C-A706-361F133DB049}"
EndProject
Project("{9A19103F-16F7-4668-BE54-9A1E7A4F7556}") = "R5T.Glyfada.Standard", "..\..\R5T.Glyfada.Standard\source\R5T.Glyfada.Standard\R5T.Glyfada.Standard.csproj", "{3E2CCBDF-BB9A-4FA7-921A-7E604619877B}"
EndProject
Project("{9A19103F-16F7-4668-BE54-9A1E7A4F7556}") = "R5T.Glyfada.Base", "..\..\R5T.Glyfada.Base\source\R5T.Glyfada.Base\R5T.Glyfada.Base.csproj", "{284551F9-9614-40EA-9CA8-AC32382DBD7B}"
EndProject
Project("{9A19103F-16F7-4668-BE54-9A1E7A4F7556}") = "R5T.Southampton.Base", "..\..\R5T.Southampton.Base\source\R5T.Southampton.Base\R5T.Southampton.Base.csproj", "{72476C75-78FC-4DAA-A99B-38AD56B011BF}"
EndProject
Project("{9A19103F-16F7-4668-BE54-9A1E7A4F7556}") = "R5T.Caledonia.Default", "..\..\R5T.Caledonia.Default\source\R5T.Caledonia.Default\R5T.Caledonia.Default.csproj", "{A99A6C6F-F095-4A3B-9045-AFCD1786264E}"
EndProject
Project("{9A19103F-16F7-4668-BE54-9A1E7A4F7556}") = "R5T.Caledonia.Base", "..\..\R5T.Caledonia.Base\source\R5T.Caledonia.Base\R5T.Caledonia.Base.csproj", "{59380B5A-1947-4644-8704-1885214D2A11}"
EndProject
Project("{9A19103F-16F7-4668-BE54-9A1E7A4F7556}") = "R5T.Caledonia.Types", "..\..\R5T.Caledonia.Types\source\R5T.Caledonia.Types\R5T.Caledonia.Types.csproj", "{44FFEE82-C2B8-4734-957D-5C340C41EA04}"
EndProject
Project("{9A19103F-16F7-4668-BE54-9A1E7A4F7556}") = "R5T.Magyar", "..\..\R5T.Magyar\source\R5T.Magyar\R5T.Magyar.csproj", "{8987ECD3-6372-4456-A1D6-7A3ABE99ACF4}"
EndProject
Project("{9A19103F-16F7-4668-BE54-9A1E7A4F7556}") = "R5T.Glyfada.Default", "..\..\R5T.Glyfada.Default\source\R5T.Glyfada.Default\R5T.Glyfada.Default.csproj", "{C656ECFD-10F9-4398-8211-48791778F1FB}"
EndProject
Project("{9A19103F-16F7-4668-BE54-9A1E7A4F7556}") = "R5T.Glyfada.Commands", "..\..\R5T.Glyfada.Commands\source\R5T.Glyfada.Commands\R5T.Glyfada.Commands.csproj", "{886C2189-E652-4FCA-AEE3-D63E4DC8828A}"
EndProject
Project("{9A19103F-16F7-4668-BE54-9A1E7A4F7556}") = "R5T.Heraklion", "..\..\R5T.Heraklion\source\R5T.Heraklion\R5T.Heraklion.csproj", "{708FF696-05B3-4CF0-A4E3-A5FB1C4F18DE}"
EndProject
Project("{9A19103F-16F7-4668-BE54-9A1E7A4F7556}") = "R5T.Piraeus", "..\..\R5T.Piraeus\source\R5T.Piraeus\R5T.Piraeus.csproj", "{33372E0B-6AC8-4895-B5A1-C107058A2DFD}"
EndProject
Project("{9A19103F-16F7-4668-BE54-9A1E7A4F7556}") = "R5T.Nikaia.Base", "..\..\R5T.Nikaia.Base\source\R5T.Nikaia.Base\R5T.Nikaia.Base.csproj", "{3118A6AC-0358-48D6-9011-EBC1BF2737D5}"
EndProject
Project("{9A19103F-16F7-4668-BE54-9A1E7A4F7556}") = "R5T.Volos", "..\..\R5T.Volos\source\R5T.Volos\R5T.Volos.csproj", "{3EC0E3F1-D239-4B57-BB7A-5B61B461DE45}"
EndProject
Project("{9A19103F-16F7-4668-BE54-9A1E7A4F7556}") = "R5T.Heraklion.Default", "..\..\R5T.Heraklion.Default\source\R5T.Heraklion.Default\R5T.Heraklion.Default.csproj", "{07614E23-5D60-4986-B358-D6F9921DAA96}"
EndProject
Project("{9A19103F-16F7-4668-BE54-9A1E7A4F7556}") = "R5T.Piraeus.StringBuilder", "..\..\R5T.Piraeus.StringBuilder\source\R5T.Piraeus.StringBuilder\R5T.Piraeus.StringBuilder.csproj", "{A356C72C-4B38-4C4E-A23B-96D55E465866}"
EndProject
Project("{9A19103F-16F7-4668-BE54-9A1E7A4F7556}") = "R5T.Nikaia.Configuration.Suebia", "..\..\R5T.Nikaia.Configuration.Suebia\source\R5T.Nikaia.Configuration.Suebia\R5T.Nikaia.Configuration.Suebia.csproj", "{4D564220-EDB5-41BB-99D0-26BC2BC55916}"
EndProject
Project("{9A19103F-16F7-4668-BE54-9A1E7A4F7556}") = "R5T.Nikaia.Configuration", "..\..\R5T.Nikaia.Configuration\source\R5T.Nikaia.Configuration\R5T.Nikaia.Configuration.csproj", "{245C07C5-F59B-4FB3-8737-659D9673ED5D}"
EndProject
Project("{9A19103F-16F7-4668-BE54-9A1E7A4F7556}") = "R5T.Chamavia", "..\..\R5T.Chamavia\source\R5T.Chamavia\R5T.Chamavia.csproj", "{C4D8C3B7-34AC-4997-BBF2-23C26A54A380}"
EndProject
Project("{9A19103F-16F7-4668-BE54-9A1E7A4F7556}") = "R5T.Opatia", "..\..\R5T.Opatia\source\R5T.Opatia\R5T.Opatia.csproj", "{15D1E3BF-F094-486C-A0FB-B4718DCD786F}"
EndProject
Project("{9A19103F-16F7-4668-BE54-9A1E7A4F7556}") = "R5T.Sardinia", "..\..\R5T.Sardinia\source\R5T.Sardinia\R5T.Sardinia.csproj", "{B899FD4F-1FC0-459B-BDC7-C1A03AC73EAC}"
EndProject
Project("{9A19103F-16F7-4668-BE54-9A1E7A4F7556}") = "R5T.Dacia", "..\..\R5T.Dacia\source\R5T.Dacia\R5T.Dacia.csproj", "{319227C0-DF12-485A-A0EA-F521510E3542}"
EndProject
Project("{9A19103F-16F7-4668-BE54-9A1E7A4F7556}") = "R5T.Suebia.Base", "..\..\R5T.Suebia.Base\source\R5T.Suebia.Base\R5T.Suebia.Base.csproj", "{4E3007A8-3890-4A7E-9340-90F65E0AE39F}"
EndProject
Global
	GlobalSection(SolutionConfigurationPlatforms) = preSolution
		Debug|Any CPU = Debug|Any CPU
		Debug|x64 = Debug|x64
		Debug|x86 = Debug|x86
		Release|Any CPU = Release|Any CPU
		Release|x64 = Release|x64
		Release|x86 = Release|x86
	EndGlobalSection
	GlobalSection(ProjectConfigurationPlatforms) = postSolution
		{6784927C-7312-4466-A431-B5C51D4947B6}.Debug|Any CPU.ActiveCfg = Debug|Any CPU
		{6784927C-7312-4466-A431-B5C51D4947B6}.Debug|Any CPU.Build.0 = Debug|Any CPU
		{6784927C-7312-4466-A431-B5C51D4947B6}.Debug|x64.ActiveCfg = Debug|Any CPU
		{6784927C-7312-4466-A431-B5C51D4947B6}.Debug|x64.Build.0 = Debug|Any CPU
		{6784927C-7312-4466-A431-B5C51D4947B6}.Debug|x86.ActiveCfg = Debug|Any CPU
		{6784927C-7312-4466-A431-B5C51D4947B6}.Debug|x86.Build.0 = Debug|Any CPU
		{6784927C-7312-4466-A431-B5C51D4947B6}.Release|Any CPU.ActiveCfg = Release|Any CPU
		{6784927C-7312-4466-A431-B5C51D4947B6}.Release|Any CPU.Build.0 = Release|Any CPU
		{6784927C-7312-4466-A431-B5C51D4947B6}.Release|x64.ActiveCfg = Release|Any CPU
		{6784927C-7312-4466-A431-B5C51D4947B6}.Release|x64.Build.0 = Release|Any CPU
		{6784927C-7312-4466-A431-B5C51D4947B6}.Release|x86.ActiveCfg = Release|Any CPU
		{6784927C-7312-4466-A431-B5C51D4947B6}.Release|x86.Build.0 = Release|Any CPU
		{15983FDC-2F9D-4732-AF5E-A7C3A9579EFF}.Debug|Any CPU.ActiveCfg = Debug|Any CPU
		{15983FDC-2F9D-4732-AF5E-A7C3A9579EFF}.Debug|Any CPU.Build.0 = Debug|Any CPU
		{15983FDC-2F9D-4732-AF5E-A7C3A9579EFF}.Debug|x64.ActiveCfg = Debug|Any CPU
		{15983FDC-2F9D-4732-AF5E-A7C3A9579EFF}.Debug|x64.Build.0 = Debug|Any CPU
		{15983FDC-2F9D-4732-AF5E-A7C3A9579EFF}.Debug|x86.ActiveCfg = Debug|Any CPU
		{15983FDC-2F9D-4732-AF5E-A7C3A9579EFF}.Debug|x86.Build.0 = Debug|Any CPU
		{15983FDC-2F9D-4732-AF5E-A7C3A9579EFF}.Release|Any CPU.ActiveCfg = Release|Any CPU
		{15983FDC-2F9D-4732-AF5E-A7C3A9579EFF}.Release|Any CPU.Build.0 = Release|Any CPU
		{15983FDC-2F9D-4732-AF5E-A7C3A9579EFF}.Release|x64.ActiveCfg = Release|Any CPU
		{15983FDC-2F9D-4732-AF5E-A7C3A9579EFF}.Release|x64.Build.0 = Release|Any CPU
		{15983FDC-2F9D-4732-AF5E-A7C3A9579EFF}.Release|x86.ActiveCfg = Release|Any CPU
		{15983FDC-2F9D-4732-AF5E-A7C3A9579EFF}.Release|x86.Build.0 = Release|Any CPU
		{40F972D0-7D68-435B-A64F-496FB7FB7472}.Debug|Any CPU.ActiveCfg = Debug|Any CPU
		{40F972D0-7D68-435B-A64F-496FB7FB7472}.Debug|Any CPU.Build.0 = Debug|Any CPU
		{40F972D0-7D68-435B-A64F-496FB7FB7472}.Debug|x64.ActiveCfg = Debug|Any CPU
		{40F972D0-7D68-435B-A64F-496FB7FB7472}.Debug|x64.Build.0 = Debug|Any CPU
		{40F972D0-7D68-435B-A64F-496FB7FB7472}.Debug|x86.ActiveCfg = Debug|Any CPU
		{40F972D0-7D68-435B-A64F-496FB7FB7472}.Debug|x86.Build.0 = Debug|Any CPU
		{40F972D0-7D68-435B-A64F-496FB7FB7472}.Release|Any CPU.ActiveCfg = Release|Any CPU
		{40F972D0-7D68-435B-A64F-496FB7FB7472}.Release|Any CPU.Build.0 = Release|Any CPU
		{40F972D0-7D68-435B-A64F-496FB7FB7472}.Release|x64.ActiveCfg = Release|Any CPU
		{40F972D0-7D68-435B-A64F-496FB7FB7472}.Release|x64.Build.0 = Release|Any CPU
		{40F972D0-7D68-435B-A64F-496FB7FB7472}.Release|x86.ActiveCfg = Release|Any CPU
		{40F972D0-7D68-435B-A64F-496FB7FB7472}.Release|x86.Build.0 = Release|Any CPU
		{AF9A47B8-7A9F-4B8C-A706-361F133DB049}.Debug|Any CPU.ActiveCfg = Debug|Any CPU
		{AF9A47B8-7A9F-4B8C-A706-361F133DB049}.Debug|Any CPU.Build.0 = Debug|Any CPU
		{AF9A47B8-7A9F-4B8C-A706-361F133DB049}.Debug|x64.ActiveCfg = Debug|Any CPU
		{AF9A47B8-7A9F-4B8C-A706-361F133DB049}.Debug|x64.Build.0 = Debug|Any CPU
		{AF9A47B8-7A9F-4B8C-A706-361F133DB049}.Debug|x86.ActiveCfg = Debug|Any CPU
		{AF9A47B8-7A9F-4B8C-A706-361F133DB049}.Debug|x86.Build.0 = Debug|Any CPU
		{AF9A47B8-7A9F-4B8C-A706-361F133DB049}.Release|Any CPU.ActiveCfg = Release|Any CPU
		{AF9A47B8-7A9F-4B8C-A706-361F133DB049}.Release|Any CPU.Build.0 = Release|Any CPU
		{AF9A47B8-7A9F-4B8C-A706-361F133DB049}.Release|x64.ActiveCfg = Release|Any CPU
		{AF9A47B8-7A9F-4B8C-A706-361F133DB049}.Release|x64.Build.0 = Release|Any CPU
		{AF9A47B8-7A9F-4B8C-A706-361F133DB049}.Release|x86.ActiveCfg = Release|Any CPU
		{AF9A47B8-7A9F-4B8C-A706-361F133DB049}.Release|x86.Build.0 = Release|Any CPU
		{3E2CCBDF-BB9A-4FA7-921A-7E604619877B}.Debug|Any CPU.ActiveCfg = Debug|Any CPU
		{3E2CCBDF-BB9A-4FA7-921A-7E604619877B}.Debug|Any CPU.Build.0 = Debug|Any CPU
		{3E2CCBDF-BB9A-4FA7-921A-7E604619877B}.Debug|x64.ActiveCfg = Debug|Any CPU
		{3E2CCBDF-BB9A-4FA7-921A-7E604619877B}.Debug|x64.Build.0 = Debug|Any CPU
		{3E2CCBDF-BB9A-4FA7-921A-7E604619877B}.Debug|x86.ActiveCfg = Debug|Any CPU
		{3E2CCBDF-BB9A-4FA7-921A-7E604619877B}.Debug|x86.Build.0 = Debug|Any CPU
		{3E2CCBDF-BB9A-4FA7-921A-7E604619877B}.Release|Any CPU.ActiveCfg = Release|Any CPU
		{3E2CCBDF-BB9A-4FA7-921A-7E604619877B}.Release|Any CPU.Build.0 = Release|Any CPU
		{3E2CCBDF-BB9A-4FA7-921A-7E604619877B}.Release|x64.ActiveCfg = Release|Any CPU
		{3E2CCBDF-BB9A-4FA7-921A-7E604619877B}.Release|x64.Build.0 = Release|Any CPU
		{3E2CCBDF-BB9A-4FA7-921A-7E604619877B}.Release|x86.ActiveCfg = Release|Any CPU
		{3E2CCBDF-BB9A-4FA7-921A-7E604619877B}.Release|x86.Build.0 = Release|Any CPU
		{284551F9-9614-40EA-9CA8-AC32382DBD7B}.Debug|Any CPU.ActiveCfg = Debug|Any CPU
		{284551F9-9614-40EA-9CA8-AC32382DBD7B}.Debug|Any CPU.Build.0 = Debug|Any CPU
		{284551F9-9614-40EA-9CA8-AC32382DBD7B}.Debug|x64.ActiveCfg = Debug|Any CPU
		{284551F9-9614-40EA-9CA8-AC32382DBD7B}.Debug|x64.Build.0 = Debug|Any CPU
		{284551F9-9614-40EA-9CA8-AC32382DBD7B}.Debug|x86.ActiveCfg = Debug|Any CPU
		{284551F9-9614-40EA-9CA8-AC32382DBD7B}.Debug|x86.Build.0 = Debug|Any CPU
		{284551F9-9614-40EA-9CA8-AC32382DBD7B}.Release|Any CPU.ActiveCfg = Release|Any CPU
		{284551F9-9614-40EA-9CA8-AC32382DBD7B}.Release|Any CPU.Build.0 = Release|Any CPU
		{284551F9-9614-40EA-9CA8-AC32382DBD7B}.Release|x64.ActiveCfg = Release|Any CPU
		{284551F9-9614-40EA-9CA8-AC32382DBD7B}.Release|x64.Build.0 = Release|Any CPU
		{284551F9-9614-40EA-9CA8-AC32382DBD7B}.Release|x86.ActiveCfg = Release|Any CPU
		{284551F9-9614-40EA-9CA8-AC32382DBD7B}.Release|x86.Build.0 = Release|Any CPU
		{72476C75-78FC-4DAA-A99B-38AD56B011BF}.Debug|Any CPU.ActiveCfg = Debug|Any CPU
		{72476C75-78FC-4DAA-A99B-38AD56B011BF}.Debug|Any CPU.Build.0 = Debug|Any CPU
		{72476C75-78FC-4DAA-A99B-38AD56B011BF}.Debug|x64.ActiveCfg = Debug|Any CPU
		{72476C75-78FC-4DAA-A99B-38AD56B011BF}.Debug|x64.Build.0 = Debug|Any CPU
		{72476C75-78FC-4DAA-A99B-38AD56B011BF}.Debug|x86.ActiveCfg = Debug|Any CPU
		{72476C75-78FC-4DAA-A99B-38AD56B011BF}.Debug|x86.Build.0 = Debug|Any CPU
		{72476C75-78FC-4DAA-A99B-38AD56B011BF}.Release|Any CPU.ActiveCfg = Release|Any CPU
		{72476C75-78FC-4DAA-A99B-38AD56B011BF}.Release|Any CPU.Build.0 = Release|Any CPU
		{72476C75-78FC-4DAA-A99B-38AD56B011BF}.Release|x64.ActiveCfg = Release|Any CPU
		{72476C75-78FC-4DAA-A99B-38AD56B011BF}.Release|x64.Build.0 = Release|Any CPU
		{72476C75-78FC-4DAA-A99B-38AD56B011BF}.Release|x86.ActiveCfg = Release|Any CPU
		{72476C75-78FC-4DAA-A99B-38AD56B011BF}.Release|x86.Build.0 = Release|Any CPU
		{A99A6C6F-F095-4A3B-9045-AFCD1786264E}.Debug|Any CPU.ActiveCfg = Debug|Any CPU
		{A99A6C6F-F095-4A3B-9045-AFCD1786264E}.Debug|Any CPU.Build.0 = Debug|Any CPU
		{A99A6C6F-F095-4A3B-9045-AFCD1786264E}.Debug|x64.ActiveCfg = Debug|Any CPU
		{A99A6C6F-F095-4A3B-9045-AFCD1786264E}.Debug|x64.Build.0 = Debug|Any CPU
		{A99A6C6F-F095-4A3B-9045-AFCD1786264E}.Debug|x86.ActiveCfg = Debug|Any CPU
		{A99A6C6F-F095-4A3B-9045-AFCD1786264E}.Debug|x86.Build.0 = Debug|Any CPU
		{A99A6C6F-F095-4A3B-9045-AFCD1786264E}.Release|Any CPU.ActiveCfg = Release|Any CPU
		{A99A6C6F-F095-4A3B-9045-AFCD1786264E}.Release|Any CPU.Build.0 = Release|Any CPU
		{A99A6C6F-F095-4A3B-9045-AFCD1786264E}.Release|x64.ActiveCfg = Release|Any CPU
		{A99A6C6F-F095-4A3B-9045-AFCD1786264E}.Release|x64.Build.0 = Release|Any CPU
		{A99A6C6F-F095-4A3B-9045-AFCD1786264E}.Release|x86.ActiveCfg = Release|Any CPU
		{A99A6C6F-F095-4A3B-9045-AFCD1786264E}.Release|x86.Build.0 = Release|Any CPU
		{59380B5A-1947-4644-8704-1885214D2A11}.Debug|Any CPU.ActiveCfg = Debug|Any CPU
		{59380B5A-1947-4644-8704-1885214D2A11}.Debug|Any CPU.Build.0 = Debug|Any CPU
		{59380B5A-1947-4644-8704-1885214D2A11}.Debug|x64.ActiveCfg = Debug|Any CPU
		{59380B5A-1947-4644-8704-1885214D2A11}.Debug|x64.Build.0 = Debug|Any CPU
		{59380B5A-1947-4644-8704-1885214D2A11}.Debug|x86.ActiveCfg = Debug|Any CPU
		{59380B5A-1947-4644-8704-1885214D2A11}.Debug|x86.Build.0 = Debug|Any CPU
		{59380B5A-1947-4644-8704-1885214D2A11}.Release|Any CPU.ActiveCfg = Release|Any CPU
		{59380B5A-1947-4644-8704-1885214D2A11}.Release|Any CPU.Build.0 = Release|Any CPU
		{59380B5A-1947-4644-8704-1885214D2A11}.Release|x64.ActiveCfg = Release|Any CPU
		{59380B5A-1947-4644-8704-1885214D2A11}.Release|x64.Build.0 = Release|Any CPU
		{59380B5A-1947-4644-8704-1885214D2A11}.Release|x86.ActiveCfg = Release|Any CPU
		{59380B5A-1947-4644-8704-1885214D2A11}.Release|x86.Build.0 = Release|Any CPU
		{44FFEE82-C2B8-4734-957D-5C340C41EA04}.Debug|Any CPU.ActiveCfg = Debug|Any CPU
		{44FFEE82-C2B8-4734-957D-5C340C41EA04}.Debug|Any CPU.Build.0 = Debug|Any CPU
		{44FFEE82-C2B8-4734-957D-5C340C41EA04}.Debug|x64.ActiveCfg = Debug|Any CPU
		{44FFEE82-C2B8-4734-957D-5C340C41EA04}.Debug|x64.Build.0 = Debug|Any CPU
		{44FFEE82-C2B8-4734-957D-5C340C41EA04}.Debug|x86.ActiveCfg = Debug|Any CPU
		{44FFEE82-C2B8-4734-957D-5C340C41EA04}.Debug|x86.Build.0 = Debug|Any CPU
		{44FFEE82-C2B8-4734-957D-5C340C41EA04}.Release|Any CPU.ActiveCfg = Release|Any CPU
		{44FFEE82-C2B8-4734-957D-5C340C41EA04}.Release|Any CPU.Build.0 = Release|Any CPU
		{44FFEE82-C2B8-4734-957D-5C340C41EA04}.Release|x64.ActiveCfg = Release|Any CPU
		{44FFEE82-C2B8-4734-957D-5C340C41EA04}.Release|x64.Build.0 = Release|Any CPU
		{44FFEE82-C2B8-4734-957D-5C340C41EA04}.Release|x86.ActiveCfg = Release|Any CPU
		{44FFEE82-C2B8-4734-957D-5C340C41EA04}.Release|x86.Build.0 = Release|Any CPU
		{8987ECD3-6372-4456-A1D6-7A3ABE99ACF4}.Debug|Any CPU.ActiveCfg = Debug|Any CPU
		{8987ECD3-6372-4456-A1D6-7A3ABE99ACF4}.Debug|Any CPU.Build.0 = Debug|Any CPU
		{8987ECD3-6372-4456-A1D6-7A3ABE99ACF4}.Debug|x64.ActiveCfg = Debug|Any CPU
		{8987ECD3-6372-4456-A1D6-7A3ABE99ACF4}.Debug|x64.Build.0 = Debug|Any CPU
		{8987ECD3-6372-4456-A1D6-7A3ABE99ACF4}.Debug|x86.ActiveCfg = Debug|Any CPU
		{8987ECD3-6372-4456-A1D6-7A3ABE99ACF4}.Debug|x86.Build.0 = Debug|Any CPU
		{8987ECD3-6372-4456-A1D6-7A3ABE99ACF4}.Release|Any CPU.ActiveCfg = Release|Any CPU
		{8987ECD3-6372-4456-A1D6-7A3ABE99ACF4}.Release|Any CPU.Build.0 = Release|Any CPU
		{8987ECD3-6372-4456-A1D6-7A3ABE99ACF4}.Release|x64.ActiveCfg = Release|Any CPU
		{8987ECD3-6372-4456-A1D6-7A3ABE99ACF4}.Release|x64.Build.0 = Release|Any CPU
		{8987ECD3-6372-4456-A1D6-7A3ABE99ACF4}.Release|x86.ActiveCfg = Release|Any CPU
		{8987ECD3-6372-4456-A1D6-7A3ABE99ACF4}.Release|x86.Build.0 = Release|Any CPU
		{C656ECFD-10F9-4398-8211-48791778F1FB}.Debug|Any CPU.ActiveCfg = Debug|Any CPU
		{C656ECFD-10F9-4398-8211-48791778F1FB}.Debug|Any CPU.Build.0 = Debug|Any CPU
		{C656ECFD-10F9-4398-8211-48791778F1FB}.Debug|x64.ActiveCfg = Debug|Any CPU
		{C656ECFD-10F9-4398-8211-48791778F1FB}.Debug|x64.Build.0 = Debug|Any CPU
		{C656ECFD-10F9-4398-8211-48791778F1FB}.Debug|x86.ActiveCfg = Debug|Any CPU
		{C656ECFD-10F9-4398-8211-48791778F1FB}.Debug|x86.Build.0 = Debug|Any CPU
		{C656ECFD-10F9-4398-8211-48791778F1FB}.Release|Any CPU.ActiveCfg = Release|Any CPU
		{C656ECFD-10F9-4398-8211-48791778F1FB}.Release|Any CPU.Build.0 = Release|Any CPU
		{C656ECFD-10F9-4398-8211-48791778F1FB}.Release|x64.ActiveCfg = Release|Any CPU
		{C656ECFD-10F9-4398-8211-48791778F1FB}.Release|x64.Build.0 = Release|Any CPU
		{C656ECFD-10F9-4398-8211-48791778F1FB}.Release|x86.ActiveCfg = Release|Any CPU
		{C656ECFD-10F9-4398-8211-48791778F1FB}.Release|x86.Build.0 = Release|Any CPU
		{886C2189-E652-4FCA-AEE3-D63E4DC8828A}.Debug|Any CPU.ActiveCfg = Debug|Any CPU
		{886C2189-E652-4FCA-AEE3-D63E4DC8828A}.Debug|Any CPU.Build.0 = Debug|Any CPU
		{886C2189-E652-4FCA-AEE3-D63E4DC8828A}.Debug|x64.ActiveCfg = Debug|Any CPU
		{886C2189-E652-4FCA-AEE3-D63E4DC8828A}.Debug|x64.Build.0 = Debug|Any CPU
		{886C2189-E652-4FCA-AEE3-D63E4DC8828A}.Debug|x86.ActiveCfg = Debug|Any CPU
		{886C2189-E652-4FCA-AEE3-D63E4DC8828A}.Debug|x86.Build.0 = Debug|Any CPU
		{886C2189-E652-4FCA-AEE3-D63E4DC8828A}.Release|Any CPU.ActiveCfg = Release|Any CPU
		{886C2189-E652-4FCA-AEE3-D63E4DC8828A}.Release|Any CPU.Build.0 = Release|Any CPU
		{886C2189-E652-4FCA-AEE3-D63E4DC8828A}.Release|x64.ActiveCfg = Release|Any CPU
		{886C2189-E652-4FCA-AEE3-D63E4DC8828A}.Release|x64.Build.0 = Release|Any CPU
		{886C2189-E652-4FCA-AEE3-D63E4DC8828A}.Release|x86.ActiveCfg = Release|Any CPU
		{886C2189-E652-4FCA-AEE3-D63E4DC8828A}.Release|x86.Build.0 = Release|Any CPU
		{708FF696-05B3-4CF0-A4E3-A5FB1C4F18DE}.Debug|Any CPU.ActiveCfg = Debug|Any CPU
		{708FF696-05B3-4CF0-A4E3-A5FB1C4F18DE}.Debug|Any CPU.Build.0 = Debug|Any CPU
		{708FF696-05B3-4CF0-A4E3-A5FB1C4F18DE}.Debug|x64.ActiveCfg = Debug|Any CPU
		{708FF696-05B3-4CF0-A4E3-A5FB1C4F18DE}.Debug|x64.Build.0 = Debug|Any CPU
		{708FF696-05B3-4CF0-A4E3-A5FB1C4F18DE}.Debug|x86.ActiveCfg = Debug|Any CPU
		{708FF696-05B3-4CF0-A4E3-A5FB1C4F18DE}.Debug|x86.Build.0 = Debug|Any CPU
		{708FF696-05B3-4CF0-A4E3-A5FB1C4F18DE}.Release|Any CPU.ActiveCfg = Release|Any CPU
		{708FF696-05B3-4CF0-A4E3-A5FB1C4F18DE}.Release|Any CPU.Build.0 = Release|Any CPU
		{708FF696-05B3-4CF0-A4E3-A5FB1C4F18DE}.Release|x64.ActiveCfg = Release|Any CPU
		{708FF696-05B3-4CF0-A4E3-A5FB1C4F18DE}.Release|x64.Build.0 = Release|Any CPU
		{708FF696-05B3-4CF0-A4E3-A5FB1C4F18DE}.Release|x86.ActiveCfg = Release|Any CPU
		{708FF696-05B3-4CF0-A4E3-A5FB1C4F18DE}.Release|x86.Build.0 = Release|Any CPU
		{33372E0B-6AC8-4895-B5A1-C107058A2DFD}.Debug|Any CPU.ActiveCfg = Debug|Any CPU
		{33372E0B-6AC8-4895-B5A1-C107058A2DFD}.Debug|Any CPU.Build.0 = Debug|Any CPU
		{33372E0B-6AC8-4895-B5A1-C107058A2DFD}.Debug|x64.ActiveCfg = Debug|Any CPU
		{33372E0B-6AC8-4895-B5A1-C107058A2DFD}.Debug|x64.Build.0 = Debug|Any CPU
		{33372E0B-6AC8-4895-B5A1-C107058A2DFD}.Debug|x86.ActiveCfg = Debug|Any CPU
		{33372E0B-6AC8-4895-B5A1-C107058A2DFD}.Debug|x86.Build.0 = Debug|Any CPU
		{33372E0B-6AC8-4895-B5A1-C107058A2DFD}.Release|Any CPU.ActiveCfg = Release|Any CPU
		{33372E0B-6AC8-4895-B5A1-C107058A2DFD}.Release|Any CPU.Build.0 = Release|Any CPU
		{33372E0B-6AC8-4895-B5A1-C107058A2DFD}.Release|x64.ActiveCfg = Release|Any CPU
		{33372E0B-6AC8-4895-B5A1-C107058A2DFD}.Release|x64.Build.0 = Release|Any CPU
		{33372E0B-6AC8-4895-B5A1-C107058A2DFD}.Release|x86.ActiveCfg = Release|Any CPU
		{33372E0B-6AC8-4895-B5A1-C107058A2DFD}.Release|x86.Build.0 = Release|Any CPU
		{3118A6AC-0358-48D6-9011-EBC1BF2737D5}.Debug|Any CPU.ActiveCfg = Debug|Any CPU
		{3118A6AC-0358-48D6-9011-EBC1BF2737D5}.Debug|Any CPU.Build.0 = Debug|Any CPU
		{3118A6AC-0358-48D6-9011-EBC1BF2737D5}.Debug|x64.ActiveCfg = Debug|Any CPU
		{3118A6AC-0358-48D6-9011-EBC1BF2737D5}.Debug|x64.Build.0 = Debug|Any CPU
		{3118A6AC-0358-48D6-9011-EBC1BF2737D5}.Debug|x86.ActiveCfg = Debug|Any CPU
		{3118A6AC-0358-48D6-9011-EBC1BF2737D5}.Debug|x86.Build.0 = Debug|Any CPU
		{3118A6AC-0358-48D6-9011-EBC1BF2737D5}.Release|Any CPU.ActiveCfg = Release|Any CPU
		{3118A6AC-0358-48D6-9011-EBC1BF2737D5}.Release|Any CPU.Build.0 = Release|Any CPU
		{3118A6AC-0358-48D6-9011-EBC1BF2737D5}.Release|x64.ActiveCfg = Release|Any CPU
		{3118A6AC-0358-48D6-9011-EBC1BF2737D5}.Release|x64.Build.0 = Release|Any CPU
		{3118A6AC-0358-48D6-9011-EBC1BF2737D5}.Release|x86.ActiveCfg = Release|Any CPU
		{3118A6AC-0358-48D6-9011-EBC1BF2737D5}.Release|x86.Build.0 = Release|Any CPU
		{3EC0E3F1-D239-4B57-BB7A-5B61B461DE45}.Debug|Any CPU.ActiveCfg = Debug|Any CPU
		{3EC0E3F1-D239-4B57-BB7A-5B61B461DE45}.Debug|Any CPU.Build.0 = Debug|Any CPU
		{3EC0E3F1-D239-4B57-BB7A-5B61B461DE45}.Debug|x64.ActiveCfg = Debug|Any CPU
		{3EC0E3F1-D239-4B57-BB7A-5B61B461DE45}.Debug|x64.Build.0 = Debug|Any CPU
		{3EC0E3F1-D239-4B57-BB7A-5B61B461DE45}.Debug|x86.ActiveCfg = Debug|Any CPU
		{3EC0E3F1-D239-4B57-BB7A-5B61B461DE45}.Debug|x86.Build.0 = Debug|Any CPU
		{3EC0E3F1-D239-4B57-BB7A-5B61B461DE45}.Release|Any CPU.ActiveCfg = Release|Any CPU
		{3EC0E3F1-D239-4B57-BB7A-5B61B461DE45}.Release|Any CPU.Build.0 = Release|Any CPU
		{3EC0E3F1-D239-4B57-BB7A-5B61B461DE45}.Release|x64.ActiveCfg = Release|Any CPU
		{3EC0E3F1-D239-4B57-BB7A-5B61B461DE45}.Release|x64.Build.0 = Release|Any CPU
		{3EC0E3F1-D239-4B57-BB7A-5B61B461DE45}.Release|x86.ActiveCfg = Release|Any CPU
		{3EC0E3F1-D239-4B57-BB7A-5B61B461DE45}.Release|x86.Build.0 = Release|Any CPU
		{07614E23-5D60-4986-B358-D6F9921DAA96}.Debug|Any CPU.ActiveCfg = Debug|Any CPU
		{07614E23-5D60-4986-B358-D6F9921DAA96}.Debug|Any CPU.Build.0 = Debug|Any CPU
		{07614E23-5D60-4986-B358-D6F9921DAA96}.Debug|x64.ActiveCfg = Debug|Any CPU
		{07614E23-5D60-4986-B358-D6F9921DAA96}.Debug|x64.Build.0 = Debug|Any CPU
		{07614E23-5D60-4986-B358-D6F9921DAA96}.Debug|x86.ActiveCfg = Debug|Any CPU
		{07614E23-5D60-4986-B358-D6F9921DAA96}.Debug|x86.Build.0 = Debug|Any CPU
		{07614E23-5D60-4986-B358-D6F9921DAA96}.Release|Any CPU.ActiveCfg = Release|Any CPU
		{07614E23-5D60-4986-B358-D6F9921DAA96}.Release|Any CPU.Build.0 = Release|Any CPU
		{07614E23-5D60-4986-B358-D6F9921DAA96}.Release|x64.ActiveCfg = Release|Any CPU
		{07614E23-5D60-4986-B358-D6F9921DAA96}.Release|x64.Build.0 = Release|Any CPU
		{07614E23-5D60-4986-B358-D6F9921DAA96}.Release|x86.ActiveCfg = Release|Any CPU
		{07614E23-5D60-4986-B358-D6F9921DAA96}.Release|x86.Build.0 = Release|Any CPU
		{A356C72C-4B38-4C4E-A23B-96D55E465866}.Debug|Any CPU.ActiveCfg = Debug|Any CPU
		{A356C72C-4B38-4C4E-A23B-96D55E465866}.Debug|Any CPU.Build.0 = Debug|Any CPU
		{A356C72C-4B38-4C4E-A23B-96D55E465866}.Debug|x64.ActiveCfg = Debug|Any CPU
		{A356C72C-4B38-4C4E-A23B-96D55E465866}.Debug|x64.Build.0 = Debug|Any CPU
		{A356C72C-4B38-4C4E-A23B-96D55E465866}.Debug|x86.ActiveCfg = Debug|Any CPU
		{A356C72C-4B38-4C4E-A23B-96D55E465866}.Debug|x86.Build.0 = Debug|Any CPU
		{A356C72C-4B38-4C4E-A23B-96D55E465866}.Release|Any CPU.ActiveCfg = Release|Any CPU
		{A356C72C-4B38-4C4E-A23B-96D55E465866}.Release|Any CPU.Build.0 = Release|Any CPU
		{A356C72C-4B38-4C4E-A23B-96D55E465866}.Release|x64.ActiveCfg = Release|Any CPU
		{A356C72C-4B38-4C4E-A23B-96D55E465866}.Release|x64.Build.0 = Release|Any CPU
		{A356C72C-4B38-4C4E-A23B-96D55E465866}.Release|x86.ActiveCfg = Release|Any CPU
		{A356C72C-4B38-4C4E-A23B-96D55E465866}.Release|x86.Build.0 = Release|Any CPU
		{4D564220-EDB5-41BB-99D0-26BC2BC55916}.Debug|Any CPU.ActiveCfg = Debug|Any CPU
		{4D564220-EDB5-41BB-99D0-26BC2BC55916}.Debug|Any CPU.Build.0 = Debug|Any CPU
		{4D564220-EDB5-41BB-99D0-26BC2BC55916}.Debug|x64.ActiveCfg = Debug|Any CPU
		{4D564220-EDB5-41BB-99D0-26BC2BC55916}.Debug|x64.Build.0 = Debug|Any CPU
		{4D564220-EDB5-41BB-99D0-26BC2BC55916}.Debug|x86.ActiveCfg = Debug|Any CPU
		{4D564220-EDB5-41BB-99D0-26BC2BC55916}.Debug|x86.Build.0 = Debug|Any CPU
		{4D564220-EDB5-41BB-99D0-26BC2BC55916}.Release|Any CPU.ActiveCfg = Release|Any CPU
		{4D564220-EDB5-41BB-99D0-26BC2BC55916}.Release|Any CPU.Build.0 = Release|Any CPU
		{4D564220-EDB5-41BB-99D0-26BC2BC55916}.Release|x64.ActiveCfg = Release|Any CPU
		{4D564220-EDB5-41BB-99D0-26BC2BC55916}.Release|x64.Build.0 = Release|Any CPU
		{4D564220-EDB5-41BB-99D0-26BC2BC55916}.Release|x86.ActiveCfg = Release|Any CPU
		{4D564220-EDB5-41BB-99D0-26BC2BC55916}.Release|x86.Build.0 = Release|Any CPU
		{245C07C5-F59B-4FB3-8737-659D9673ED5D}.Debug|Any CPU.ActiveCfg = Debug|Any CPU
		{245C07C5-F59B-4FB3-8737-659D9673ED5D}.Debug|Any CPU.Build.0 = Debug|Any CPU
		{245C07C5-F59B-4FB3-8737-659D9673ED5D}.Debug|x64.ActiveCfg = Debug|Any CPU
		{245C07C5-F59B-4FB3-8737-659D9673ED5D}.Debug|x64.Build.0 = Debug|Any CPU
		{245C07C5-F59B-4FB3-8737-659D9673ED5D}.Debug|x86.ActiveCfg = Debug|Any CPU
		{245C07C5-F59B-4FB3-8737-659D9673ED5D}.Debug|x86.Build.0 = Debug|Any CPU
		{245C07C5-F59B-4FB3-8737-659D9673ED5D}.Release|Any CPU.ActiveCfg = Release|Any CPU
		{245C07C5-F59B-4FB3-8737-659D9673ED5D}.Release|Any CPU.Build.0 = Release|Any CPU
		{245C07C5-F59B-4FB3-8737-659D9673ED5D}.Release|x64.ActiveCfg = Release|Any CPU
		{245C07C5-F59B-4FB3-8737-659D9673ED5D}.Release|x64.Build.0 = Release|Any CPU
		{245C07C5-F59B-4FB3-8737-659D9673ED5D}.Release|x86.ActiveCfg = Release|Any CPU
		{245C07C5-F59B-4FB3-8737-659D9673ED5D}.Release|x86.Build.0 = Release|Any CPU
		{C4D8C3B7-34AC-4997-BBF2-23C26A54A380}.Debug|Any CPU.ActiveCfg = Debug|Any CPU
		{C4D8C3B7-34AC-4997-BBF2-23C26A54A380}.Debug|Any CPU.Build.0 = Debug|Any CPU
		{C4D8C3B7-34AC-4997-BBF2-23C26A54A380}.Debug|x64.ActiveCfg = Debug|Any CPU
		{C4D8C3B7-34AC-4997-BBF2-23C26A54A380}.Debug|x64.Build.0 = Debug|Any CPU
		{C4D8C3B7-34AC-4997-BBF2-23C26A54A380}.Debug|x86.ActiveCfg = Debug|Any CPU
		{C4D8C3B7-34AC-4997-BBF2-23C26A54A380}.Debug|x86.Build.0 = Debug|Any CPU
		{C4D8C3B7-34AC-4997-BBF2-23C26A54A380}.Release|Any CPU.ActiveCfg = Release|Any CPU
		{C4D8C3B7-34AC-4997-BBF2-23C26A54A380}.Release|Any CPU.Build.0 = Release|Any CPU
		{C4D8C3B7-34AC-4997-BBF2-23C26A54A380}.Release|x64.ActiveCfg = Release|Any CPU
		{C4D8C3B7-34AC-4997-BBF2-23C26A54A380}.Release|x64.Build.0 = Release|Any CPU
		{C4D8C3B7-34AC-4997-BBF2-23C26A54A380}.Release|x86.ActiveCfg = Release|Any CPU
		{C4D8C3B7-34AC-4997-BBF2-23C26A54A380}.Release|x86.Build.0 = Release|Any CPU
		{15D1E3BF-F094-486C-A0FB-B4718DCD786F}.Debug|Any CPU.ActiveCfg = Debug|Any CPU
		{15D1E3BF-F094-486C-A0FB-B4718DCD786F}.Debug|Any CPU.Build.0 = Debug|Any CPU
		{15D1E3BF-F094-486C-A0FB-B4718DCD786F}.Debug|x64.ActiveCfg = Debug|Any CPU
		{15D1E3BF-F094-486C-A0FB-B4718DCD786F}.Debug|x64.Build.0 = Debug|Any CPU
		{15D1E3BF-F094-486C-A0FB-B4718DCD786F}.Debug|x86.ActiveCfg = Debug|Any CPU
		{15D1E3BF-F094-486C-A0FB-B4718DCD786F}.Debug|x86.Build.0 = Debug|Any CPU
		{15D1E3BF-F094-486C-A0FB-B4718DCD786F}.Release|Any CPU.ActiveCfg = Release|Any CPU
		{15D1E3BF-F094-486C-A0FB-B4718DCD786F}.Release|Any CPU.Build.0 = Release|Any CPU
		{15D1E3BF-F094-486C-A0FB-B4718DCD786F}.Release|x64.ActiveCfg = Release|Any CPU
		{15D1E3BF-F094-486C-A0FB-B4718DCD786F}.Release|x64.Build.0 = Release|Any CPU
		{15D1E3BF-F094-486C-A0FB-B4718DCD786F}.Release|x86.ActiveCfg = Release|Any CPU
		{15D1E3BF-F094-486C-A0FB-B4718DCD786F}.Release|x86.Build.0 = Release|Any CPU
		{B899FD4F-1FC0-459B-BDC7-C1A03AC73EAC}.Debug|Any CPU.ActiveCfg = Debug|Any CPU
		{B899FD4F-1FC0-459B-BDC7-C1A03AC73EAC}.Debug|Any CPU.Build.0 = Debug|Any CPU
		{B899FD4F-1FC0-459B-BDC7-C1A03AC73EAC}.Debug|x64.ActiveCfg = Debug|Any CPU
		{B899FD4F-1FC0-459B-BDC7-C1A03AC73EAC}.Debug|x64.Build.0 = Debug|Any CPU
		{B899FD4F-1FC0-459B-BDC7-C1A03AC73EAC}.Debug|x86.ActiveCfg = Debug|Any CPU
		{B899FD4F-1FC0-459B-BDC7-C1A03AC73EAC}.Debug|x86.Build.0 = Debug|Any CPU
		{B899FD4F-1FC0-459B-BDC7-C1A03AC73EAC}.Release|Any CPU.ActiveCfg = Release|Any CPU
		{B899FD4F-1FC0-459B-BDC7-C1A03AC73EAC}.Release|Any CPU.Build.0 = Release|Any CPU
		{B899FD4F-1FC0-459B-BDC7-C1A03AC73EAC}.Release|x64.ActiveCfg = Release|Any CPU
		{B899FD4F-1FC0-459B-BDC7-C1A03AC73EAC}.Release|x64.Build.0 = Release|Any CPU
		{B899FD4F-1FC0-459B-BDC7-C1A03AC73EAC}.Release|x86.ActiveCfg = Release|Any CPU
		{B899FD4F-1FC0-459B-BDC7-C1A03AC73EAC}.Release|x86.Build.0 = Release|Any CPU
		{319227C0-DF12-485A-A0EA-F521510E3542}.Debug|Any CPU.ActiveCfg = Debug|Any CPU
		{319227C0-DF12-485A-A0EA-F521510E3542}.Debug|Any CPU.Build.0 = Debug|Any CPU
		{319227C0-DF12-485A-A0EA-F521510E3542}.Debug|x64.ActiveCfg = Debug|Any CPU
		{319227C0-DF12-485A-A0EA-F521510E3542}.Debug|x64.Build.0 = Debug|Any CPU
		{319227C0-DF12-485A-A0EA-F521510E3542}.Debug|x86.ActiveCfg = Debug|Any CPU
		{319227C0-DF12-485A-A0EA-F521510E3542}.Debug|x86.Build.0 = Debug|Any CPU
		{319227C0-DF12-485A-A0EA-F521510E3542}.Release|Any CPU.ActiveCfg = Release|Any CPU
		{319227C0-DF12-485A-A0EA-F521510E3542}.Release|Any CPU.Build.0 = Release|Any CPU
		{319227C0-DF12-485A-A0EA-F521510E3542}.Release|x64.ActiveCfg = Release|Any CPU
		{319227C0-DF12-485A-A0EA-F521510E3542}.Release|x64.Build.0 = Release|Any CPU
		{319227C0-DF12-485A-A0EA-F521510E3542}.Release|x86.ActiveCfg = Release|Any CPU
		{319227C0-DF12-485A-A0EA-F521510E3542}.Release|x86.Build.0 = Release|Any CPU
		{4E3007A8-3890-4A7E-9340-90F65E0AE39F}.Debug|Any CPU.ActiveCfg = Debug|Any CPU
		{4E3007A8-3890-4A7E-9340-90F65E0AE39F}.Debug|Any CPU.Build.0 = Debug|Any CPU
		{4E3007A8-3890-4A7E-9340-90F65E0AE39F}.Debug|x64.ActiveCfg = Debug|Any CPU
		{4E3007A8-3890-4A7E-9340-90F65E0AE39F}.Debug|x64.Build.0 = Debug|Any CPU
		{4E3007A8-3890-4A7E-9340-90F65E0AE39F}.Debug|x86.ActiveCfg = Debug|Any CPU
		{4E3007A8-3890-4A7E-9340-90F65E0AE39F}.Debug|x86.Build.0 = Debug|Any CPU
		{4E3007A8-3890-4A7E-9340-90F65E0AE39F}.Release|Any CPU.ActiveCfg = Release|Any CPU
		{4E3007A8-3890-4A7E-9340-90F65E0AE39F}.Release|Any CPU.Build.0 = Release|Any CPU
		{4E3007A8-3890-4A7E-9340-90F65E0AE39F}.Release|x64.ActiveCfg = Release|Any CPU
		{4E3007A8-3890-4A7E-9340-90F65E0AE39F}.Release|x64.Build.0 = Release|Any CPU
		{4E3007A8-3890-4A7E-9340-90F65E0AE39F}.Release|x86.ActiveCfg = Release|Any CPU
		{4E3007A8-3890-4A7E-9340-90F65E0AE39F}.Release|x86.Build.0 = Release|Any CPU
	EndGlobalSection
	GlobalSection(SolutionProperties) = preSolution
		HideSolutionNode = FALSE
	EndGlobalSection
	GlobalSection(NestedProjects) = preSolution
		{AF9A47B8-7A9F-4B8C-A706-361F133DB049} = {DA77A154-C3A4-441D-8B24-4BDF3B4EC54C}
		{3E2CCBDF-BB9A-4FA7-921A-7E604619877B} = {DA77A154-C3A4-441D-8B24-4BDF3B4EC54C}
		{284551F9-9614-40EA-9CA8-AC32382DBD7B} = {DA77A154-C3A4-441D-8B24-4BDF3B4EC54C}
		{72476C75-78FC-4DAA-A99B-38AD56B011BF} = {DA77A154-C3A4-441D-8B24-4BDF3B4EC54C}
		{A99A6C6F-F095-4A3B-9045-AFCD1786264E} = {DA77A154-C3A4-441D-8B24-4BDF3B4EC54C}
		{59380B5A-1947-4644-8704-1885214D2A11} = {DA77A154-C3A4-441D-8B24-4BDF3B4EC54C}
		{44FFEE82-C2B8-4734-957D-5C340C41EA04} = {DA77A154-C3A4-441D-8B24-4BDF3B4EC54C}
		{8987ECD3-6372-4456-A1D6-7A3ABE99ACF4} = {DA77A154-C3A4-441D-8B24-4BDF3B4EC54C}
		{C656ECFD-10F9-4398-8211-48791778F1FB} = {DA77A154-C3A4-441D-8B24-4BDF3B4EC54C}
		{886C2189-E652-4FCA-AEE3-D63E4DC8828A} = {DA77A154-C3A4-441D-8B24-4BDF3B4EC54C}
		{708FF696-05B3-4CF0-A4E3-A5FB1C4F18DE} = {DA77A154-C3A4-441D-8B24-4BDF3B4EC54C}
		{33372E0B-6AC8-4895-B5A1-C107058A2DFD} = {DA77A154-C3A4-441D-8B24-4BDF3B4EC54C}
		{3118A6AC-0358-48D6-9011-EBC1BF2737D5} = {DA77A154-C3A4-441D-8B24-4BDF3B4EC54C}
		{3EC0E3F1-D239-4B57-BB7A-5B61B461DE45} = {DA77A154-C3A4-441D-8B24-4BDF3B4EC54C}
		{07614E23-5D60-4986-B358-D6F9921DAA96} = {DA77A154-C3A4-441D-8B24-4BDF3B4EC54C}
		{A356C72C-4B38-4C4E-A23B-96D55E465866} = {DA77A154-C3A4-441D-8B24-4BDF3B4EC54C}
		{4D564220-EDB5-41BB-99D0-26BC2BC55916} = {DA77A154-C3A4-441D-8B24-4BDF3B4EC54C}
		{245C07C5-F59B-4FB3-8737-659D9673ED5D} = {DA77A154-C3A4-441D-8B24-4BDF3B4EC54C}
		{C4D8C3B7-34AC-4997-BBF2-23C26A54A380} = {DA77A154-C3A4-441D-8B24-4BDF3B4EC54C}
		{15D1E3BF-F094-486C-A0FB-B4718DCD786F} = {DA77A154-C3A4-441D-8B24-4BDF3B4EC54C}
		{B899FD4F-1FC0-459B-BDC7-C1A03AC73EAC} = {DA77A154-C3A4-441D-8B24-4BDF3B4EC54C}
		{319227C0-DF12-485A-A0EA-F521510E3542} = {DA77A154-C3A4-441D-8B24-4BDF3B4EC54C}
		{4E3007A8-3890-4A7E-9340-90F65E0AE39F} = {DA77A154-C3A4-441D-8B24-4BDF3B4EC54C}
	EndGlobalSection
	GlobalSection(ExtensibilityGlobals) = postSolution
		SolutionGuid = {2F5B0C0A-3F57-4086-AA46-91DF516A5F42}
	EndGlobalSection
EndGlobal
